{
  "requires": true,
  "lockfileVersion": 1,
  "dependencies": {
    "ascli": {
      "version": "1.0.1",
      "resolved": "https://registry.npmjs.org/ascli/-/ascli-1.0.1.tgz",
      "integrity": "sha1-vPpZdKYvGOgcq660lzKrSoj5Brw=",
      "requires": {
        "colour": "~0.7.1",
        "optjs": "~3.2.2"
      }
    },
    "btoa": {
      "version": "1.2.1",
      "resolved": "https://registry.npmjs.org/btoa/-/btoa-1.2.1.tgz",
      "integrity": "sha512-SB4/MIGlsiVkMcHmT+pSmIPoNDoHg+7cMzmt3Uxt628MTz2487DKSqK/fuhFBrkuqrYv5UCEnACpF4dTFNKc/g=="
    },
    "bytebuffer": {
      "version": "2.3.2",
      "resolved": "https://registry.npmjs.org/bytebuffer/-/bytebuffer-2.3.2.tgz",
      "integrity": "sha1-QQRhI7Vrvoxr7GxlIkSqcWnyekQ=",
      "requires": {
        "long": "~1"
      }
    },
    "colour": {
      "version": "0.7.1",
      "resolved": "https://registry.npmjs.org/colour/-/colour-0.7.1.tgz",
      "integrity": "sha1-nLFpkX7F0SwHNtPoaFdG3xyt93g="
    },
    "gtfs-realtime-bindings": {
      "version": "0.0.4",
      "resolved": "https://registry.npmjs.org/gtfs-realtime-bindings/-/gtfs-realtime-bindings-0.0.4.tgz",
      "integrity": "sha1-GEfd/Y6uuThbsIkIRq8ZmoGelKU=",
      "requires": {
        "protobufjs": "2.0.5"
      }
    },
    "long": {
      "version": "1.2.3",
      "resolved": "https://registry.npmjs.org/long/-/long-1.2.3.tgz",
      "integrity": "sha1-EX/i4rHEU9g+Mid2yNRwY5+qK38="
    },
    "minimist": {
      "version": "1.2.5",
      "resolved": "https://registry.npmjs.org/minimist/-/minimist-1.2.5.tgz",
      "integrity": "sha512-FM9nNUYrRBAELZQT3xeZQ7fmMOBg6nWNmJKTcgsJeaLstP/UODVpGsr5OhXhhXg6f+qtJ8uiZ+PUxkDWcgIXLw=="
    },
    "mkdirp": {
      "version": "0.5.5",
      "resolved": "https://registry.npmjs.org/mkdirp/-/mkdirp-0.5.5.tgz",
      "integrity": "sha512-NKmAlESf6jMGym1++R0Ra7wvhV+wFW63FaSOFPwRahvea0gMUcGUhVeAg/0BC0wiv9ih5NYPB1Wn1UEI1/L+xQ==",
      "requires": {
        "minimist": "^1.2.5"
      }
    },
    "optjs": {
      "version": "3.2.2",
      "resolved": "https://registry.npmjs.org/optjs/-/optjs-3.2.2.tgz",
      "integrity": "sha1-aabOicRCpEQDFBrS+bNwvVu29O4="
    },
    "protobufjs": {
      "version": "2.0.5",
      "resolved": "https://registry.npmjs.org/protobufjs/-/protobufjs-2.0.5.tgz",
      "integrity": "sha1-fzUReMlZszPSMnt3MyXKSyYnokI=",
      "requires": {
        "ascli": "^1.0.1",
        "bytebuffer": ">=2.2 <3"
      }
    },
    "rtd-realtime": {
      "version": "github:steveszc/rtd-realtime#d1199cddbcbbcccfe0a3a20858042ac7df95967f",
      "from": "github:steveszc/rtd-realtime",
      "requires": {
        "btoa": "^1.1.2",
        "gtfs-realtime-bindings": "0.0.4",
        "mkdirp": "^0.5.1"
      }
    }
  }
}
